
Microsoft Visual Studio Solution File, Format Version 12.00
# Visual Studio Version 16
VisualStudioVersion = 16.0.29709.97
MinimumVisualStudioVersion = 10.0.40219.1
Project("{9A19103F-16F7-4668-BE54-9A1E7A4F7556}") = "JM.ImageStoringToDB.EFCore.Data", "..\JM.ImageStoringToDB.EFCore\JM.ImageStoringToDB.EFCore.Data.csproj", "{BE106372-E68C-42DB-93DE-391D50ABA0B1}"
EndProject
Project("{9A19103F-16F7-4668-BE54-9A1E7A4F7556}") = "JM.ImageStoringToDB.WebAPI", "..\JM.ImageStoringToDB.WebAPI\JM.ImageStoringToDB.WebAPI.csproj", "{74178B8E-C428-4FEF-8230-F33E2C938C1F}"
EndProject
Project("{9A19103F-16F7-4668-BE54-9A1E7A4F7556}") = "JM.ImageStoringToDB.WebCoreApp", "..\JM.ImageStoringToDB.WebCoreApp\JM.ImageStoringToDB.WebCoreApp.csproj", "{BA2D17BE-25A1-49AB-AE6E-54B408FD7423}"
EndProject
Project("{9A19103F-16F7-4668-BE54-9A1E7A4F7556}") = "JM.ImageStoringToDB.WebCore", "..\JM.ImageStoringToDB.WebCore\JM.ImageStoringToDB.WebCore.csproj", "{B2381893-A5C9-4401-9811-FF1F6249BED7}"
EndProject
Global
	GlobalSection(SolutionConfigurationPlatforms) = preSolution
		Debug|Any CPU = Debug|Any CPU
		Release|Any CPU = Release|Any CPU
	EndGlobalSection
	GlobalSection(ProjectConfigurationPlatforms) = postSolution
		{BE106372-E68C-42DB-93DE-391D50ABA0B1}.Debug|Any CPU.ActiveCfg = Debug|Any CPU
		{BE106372-E68C-42DB-93DE-391D50ABA0B1}.Debug|Any CPU.Build.0 = Debug|Any CPU
		{BE106372-E68C-42DB-93DE-391D50ABA0B1}.Release|Any CPU.ActiveCfg = Release|Any CPU
		{BE106372-E68C-42DB-93DE-391D50ABA0B1}.Release|Any CPU.Build.0 = Release|Any CPU
		{74178B8E-C428-4FEF-8230-F33E2C938C1F}.Debug|Any CPU.ActiveCfg = Debug|Any CPU
		{74178B8E-C428-4FEF-8230-F33E2C938C1F}.Debug|Any CPU.Build.0 = Debug|Any CPU
		{74178B8E-C428-4FEF-8230-F33E2C938C1F}.Release|Any CPU.ActiveCfg = Release|Any CPU
		{74178B8E-C428-4FEF-8230-F33E2C938C1F}.Release|Any CPU.Build.0 = Release|Any CPU
		{BA2D17BE-25A1-49AB-AE6E-54B408FD7423}.Debug|Any CPU.ActiveCfg = Debug|Any CPU
		{BA2D17BE-25A1-49AB-AE6E-54B408FD7423}.Debug|Any CPU.Build.0 = Debug|Any CPU
		{BA2D17BE-25A1-49AB-AE6E-54B408FD7423}.Release|Any CPU.ActiveCfg = Release|Any CPU
		{BA2D17BE-25A1-49AB-AE6E-54B408FD7423}.Release|Any CPU.Build.0 = Release|Any CPU
		{B2381893-A5C9-4401-9811-FF1F6249BED7}.Debug|Any CPU.ActiveCfg = Debug|Any CPU
		{B2381893-A5C9-4401-9811-FF1F6249BED7}.Debug|Any CPU.Build.0 = Debug|Any CPU
		{B2381893-A5C9-4401-9811-FF1F6249BED7}.Release|Any CPU.ActiveCfg = Release|Any CPU
		{B2381893-A5C9-4401-9811-FF1F6249BED7}.Release|Any CPU.Build.0 = Release|Any CPU
	EndGlobalSection
	GlobalSection(SolutionProperties) = preSolution
		HideSolutionNode = FALSE
	EndGlobalSection
	GlobalSection(ExtensibilityGlobals) = postSolution
		SolutionGuid = {92E9FBD9-AAF5-4D10-8E99-02D8C32BBDC6}
	EndGlobalSection
EndGlobal
